{
    "_meta": {
        "hash": {
            "sha256": "d5f372b0faad8ff35ab45839774162aabbccbd90730d460b7a1f989793b8df32"
        },
        "pipfile-spec": 6,
        "requires": {
            "python_version": "3.11"
        },
        "sources": [
            {
                "name": "pypi",
                "url": "https://pypi.org/simple",
                "verify_ssl": true
            }
        ]
    },
    "default": {
        "emoji": {
            "hashes": [
                "sha256:35a8a486c1460addb1499e3bf7929d3889b2e2841a57401903699fef595e942b",
                "sha256:f8c50043d79a2c1410ebfae833ae1868d5941a67a6cd4d18377e2eb0bd79346b"
            ],
            "index": "pypi",
            "markers": "python_version >= '3.7'",
            "version": "==2.14.1"
        }
    },
    "develop": {}
}
